// !$*UTF8*$!
{
	archiveVersion = 1;
	classes = {
	};
	objectVersion = 77;
	objects = {

/* Begin PBXContainerItemProxy section */
		ACB21B3C2FE8A60D00FDBA25 /* PBXContainerItemProxy */ = {
			isa = PBXContainerItemProxy;
			containerPortal = ACB21B212FE8A60B00FDBA25 /* Project object */;
			proxyType = 1;
			remoteGlobalIDString = ACB21B282FE8A60B00FDBA25;
			remoteInfo = LoginPhoneApp;
		};
		ACB21B462FE8A60D00FDBA25 /* PBXContainerItemProxy */ = {
			isa = PBXContainerItemProxy;
			containerPortal = ACB21B212FE8A60B00FDBA25 /* Project object */;
			proxyType = 1;
			remoteGlobalIDString = ACB21B282FE8A60B00FDBA25;
			remoteInfo = LoginPhoneApp;
		};
/* End PBXContainerItemProxy section */

/* Begin PBXFileReference section */
		ACB21B292FE8A60B00FDBA25 /* LoginPhoneApp.app */ = {isa = PBXFileReference; explicitFileType = wrapper.application; includeInIndex = 0; path = LoginPhoneApp.app; sourceTree = BUILT_PRODUCTS_DIR; };
		ACB21B3B2FE8A60D00FDBA25 /* LoginPhoneAppTests.xctest */ = {isa = PBXFileReference; explicitFileType = wrapper.cfbundle; includeInIndex = 0; path = LoginPhoneAppTests.xctest; sourceTree = BUILT_PRODUCTS_DIR; };
		ACB21B452FE8A60D00FDBA25 /* LoginPhoneAppUITests.xctest */ = {isa = PBXFileReference; explicitFileType = wrapper.cfbundle; includeInIndex = 0; path = LoginPhoneAppUITests.xctest; sourceTree = BUILT_PRODUCTS_DIR; };
/* End PBXFileReference section */

/* Begin PBXFileSystemSynchronizedRootGroup section */
		ACB21B2B2FE8A60B00FDBA25 /* LoginPhoneApp */ = {
			isa = PBXFileSystemSynchronizedRootGroup;
			path = LoginPhoneApp;
			sourceTree = "<group>";
		};
		ACB21B3E2FE8A60D00FDBA25 /* LoginPhoneAppTests */ = {
			isa = PBXFileSystemSynchronizedRootGroup;
			path = LoginPhoneAppTests;
			sourceTree = "<group>";
		};
		ACB21B482FE8A60D00FDBA25 /* LoginPhoneAppUITests */ = {
			isa = PBXFileSystemSynchronizedRootGroup;
			path = LoginPhoneAppUITests;
			sourceTree = "<group>";
		};
/* End PBXFileSystemSynchronizedRootGroup section */

/* Begin PBXFrameworksBuildPhase section */
		ACB21B262FE8A60B00FDBA25 /* Frameworks */ = {
			isa = PBXFrameworksBuildPhase;
			buildActionMask = 2147483647;
			files = (
			);
			runOnlyForDeploymentPostprocessing = 0;
		};
		ACB21B382FE8A60D00FDBA25 /* Frameworks */ = {
			isa = PBXFrameworksBuildPhase;
			buildActionMask = 2147483647;
			files = (
			);
			runOnlyForDeploymentPostprocessing = 0;
		};
		ACB21B422FE8A60D00FDBA25 /* Frameworks */ = {
			isa = PBXFrameworksBuildPhase;
			buildActionMask = 2147483647;
			files = (
			);
			runOnlyForDeploymentPostprocessing = 0;
		};
/* End PBXFrameworksBuildPhase section */

/* Begin PBXGroup section */
		ACB21B202FE8A60B00FDBA25 = {
			isa = PBXGroup;
			children = (
				ACB21B2B2FE8A60B00FDBA25 /* LoginPhoneApp */,
				ACB21B3E2FE8A60D00FDBA25 /* LoginPhoneAppTests */,
				ACB21B482FE8A60D00FDBA25 /* LoginPhoneAppUITests */,
				ACB21B2A2FE8A60B00FDBA25 /* Products */,
			);
			sourceTree = "<group>";
		};
		ACB21B2A2FE8A60B00FDBA25 /* Products */ = {
			isa = PBXGroup;
			children = (
				ACB21B292FE8A60B00FDBA25 /* LoginPhoneApp.app */,
				ACB21B3B2FE8A60D00FDBA25 /* LoginPhoneAppTests.xctest */,
				ACB21B452FE8A60D00FDBA25 /* LoginPhoneAppUITests.xctest */,
			);
			name = Products;
			sourceTree = "<group>";
		};
/* End PBXGroup section */

/* Begin PBXNativeTarget section */
		ACB21B282FE8A60B00FDBA25 /* LoginPhoneApp */ = {
			isa = PBXNativeTarget;
			buildConfigurationList = ACB21B4F2FE8A60D00FDBA25 /* Build configuration list for PBXNativeTarget "LoginPhoneApp" */;
			buildPhases = (
				ACB21B252FE8A60B00FDBA25 /* Sources */,
				ACB21B262FE8A60B00FDBA25 /* Frameworks */,
				ACB21B272FE8A60B00FDBA25 /* Resources */,
			);
			buildRules = (
			);
			dependencies = (
			);
			fileSystemSynchronizedGroups = (
				ACB21B2B2FE8A60B00FDBA25 /* LoginPhoneApp */,
			);
			name = LoginPhoneApp;
			packageProductDependencies = (
			);
			productName = LoginPhoneApp;
			productReference = ACB21B292FE8A60B00FDBA25 /* LoginPhoneApp.app */;
			productType = "com.apple.product-type.application";
		};
		ACB21B3A2FE8A60D00FDBA25 /* LoginPhoneAppTests */ = {
			isa = PBXNativeTarget;
			buildConfigurationList = ACB21B522FE8A60D00FDBA25 /* Build configuration list for PBXNativeTarget "LoginPhoneAppTests" */;
			buildPhases = (
				ACB21B372FE8A60D00FDBA25 /* Sources */,
				ACB21B382FE8A60D00FDBA25 /* Frameworks */,
				ACB21B392FE8A60D00FDBA25 /* Resources */,
			);
			buildRules = (
			);
			dependencies = (
				ACB21B3D2FE8A60D00FDBA25 /* PBXTargetDependency */,
			);
			fileSystemSynchronizedGroups = (
				ACB21B3E2FE8A60D00FDBA25 /* LoginPhoneAppTests */,
			);
			name = LoginPhoneAppTests;
			packageProductDependencies = (
			);
			productName = LoginPhoneAppTests;
			productReference = ACB21B3B2FE8A60D00FDBA25 /* LoginPhoneAppTests.xctest */;
			productType = "com.apple.product-type.bundle.unit-test";
		};
		ACB21B442FE8A60D00FDBA25 /* LoginPhoneAppUITests */ = {
			isa = PBXNativeTarget;
			buildConfigurationList = ACB21B552FE8A60D00FDBA25 /* Build configuration list for PBXNativeTarget "LoginPhoneAppUITests" */;
			buildPhases = (
				ACB21B412FE8A60D00FDBA25 /* Sources */,
				ACB21B422FE8A60D00FDBA25 /* Frameworks */,
				ACB21B432FE8A60D00FDBA25 /* Resources */,
			);
			buildRules = (
			);
			dependencies = (
				ACB21B472FE8A60D00FDBA25 /* PBXTargetDependency */,
			);
			fileSystemSynchronizedGroups = (
				ACB21B482FE8A60D00FDBA25 /* LoginPhoneAppUITests */,
			);
			name = LoginPhoneAppUITests;
			packageProductDependencies = (
			);
			productName = LoginPhoneAppUITests;
			productReference = ACB21B452FE8A60D00FDBA25 /* LoginPhoneAppUITests.xctest */;
			productType = "com.apple.product-type.bundle.ui-testing";
		};
/* End PBXNativeTarget section */

/* Begin PBXProject section */
		ACB21B212FE8A60B00FDBA25 /* Project object */ = {
			isa = PBXProject;
			attributes = {
				BuildIndependentTargetsInParallel = 1;
				LastSwiftUpdateCheck = 2650;
				LastUpgradeCheck = 2650;
				TargetAttributes = {
					ACB21B282FE8A60B00FDBA25 = {
						CreatedOnToolsVersion = 26.5;
					};
					ACB21B3A2FE8A60D00FDBA25 = {
						CreatedOnToolsVersion = 26.5;
						TestTargetID = ACB21B282FE8A60B00FDBA25;
					};
					ACB21B442FE8A60D00FDBA25 = {
						CreatedOnToolsVersion = 26.5;
						TestTargetID = ACB21B282FE8A60B00FDBA25;
					};
				};
			};
			buildConfigurationList = ACB21B242FE8A60B00FDBA25 /* Build configuration list for PBXProject "LoginPhoneApp" */;
			developmentRegion = en;
			hasScannedForEncodings = 0;
			knownRegions = (
				en,
				Base,
			);
			mainGroup = ACB21B202FE8A60B00FDBA25;
			minimizedProjectReferenceProxies = 1;
			preferredProjectObjectVersion = 77;
			productRefGroup = ACB21B2A2FE8A60B00FDBA25 /* Products */;
			projectDirPath = "";
			projectRoot = "";
			targets = (
				ACB21B282FE8A60B00FDBA25 /* LoginPhoneApp */,
				ACB21B3A2FE8A60D00FDBA25 /* LoginPhoneAppTests */,
				ACB21B442FE8A60D00FDBA25 /* LoginPhoneAppUITests */,
			);
		};
/* End PBXProject section */

/* Begin PBXResourcesBuildPhase section */
		ACB21B272FE8A60B00FDBA25 /* Resources */ = {
			isa = PBXResourcesBuildPhase;
			buildActionMask = 2147483647;
			files = (
			);
			runOnlyForDeploymentPostprocessing = 0;
		};
		ACB21B392FE8A60D00FDBA25 /* Resources */ = {
			isa = PBXResourcesBuildPhase;
			buildActionMask = 2147483647;
			files = (
			);
			runOnlyForDeploymentPostprocessing = 0;
		};
		ACB21B432FE8A60D00FDBA25 /* Resources */ = {
			isa = PBXResourcesBuildPhase;
			buildActionMask = 2147483647;
			files = (
			);
			runOnlyForDeploymentPostprocessing = 0;
		};
/* End PBXResourcesBuildPhase section */

/* Begin PBXSourcesBuildPhase section */
		ACB21B252FE8A60B00FDBA25 /* Sources */ = {
			isa = PBXSourcesBuildPhase;
			buildActionMask = 2147483647;
			files = (
			);
			runOnlyForDeploymentPostprocessing = 0;
		};
		ACB21B372FE8A60D00FDBA25 /* Sources */ = {
			isa = PBXSourcesBuildPhase;
			buildActionMask = 2147483647;
			files = (
			);
			runOnlyForDeploymentPostprocessing = 0;
		};
		ACB21B412FE8A60D00FDBA25 /* Sources */ = {
			isa = PBXSourcesBuildPhase;
			buildActionMask = 2147483647;
			files = (
			);
			runOnlyForDeploymentPostprocessing = 0;
		};
/* End PBXSourcesBuildPhase section */

/* Begin PBXTargetDependency section */
		ACB21B3D2FE8A60D00FDBA25 /* PBXTargetDependency */ = {
			isa = PBXTargetDependency;
			target = ACB21B282FE8A60B00FDBA25 /* LoginPhoneApp */;
			targetProxy = ACB21B3C2FE8A60D00FDBA25 /* PBXContainerItemProxy */;
		};
		ACB21B472FE8A60D00FDBA25 /* PBXTargetDependency */ = {
			isa = PBXTargetDependency;
			target = ACB21B282FE8A60B00FDBA25 /* LoginPhoneApp */;
			targetProxy = ACB21B462FE8A60D00FDBA25 /* PBXContainerItemProxy */;
		};
/* End PBXTargetDependency section */

/* Begin XCBuildConfiguration section */
		ACB21B4D2FE8A60D00FDBA25 /* Debug */ = {
			isa = XCBuildConfiguration;
			buildSettings = {
				ALWAYS_SEARCH_USER_PATHS = NO;
				ASSETCATALOG_COMPILER_GENERATE_SWIFT_ASSET_SYMBOL_EXTENSIONS = YES;
				CLANG_ANALYZER_NONNULL = YES;
				CLANG_ANALYZER_NUMBER_OBJECT_CONVERSION = YES_AGGRESSIVE;
				CLANG_CXX_LANGUAGE_STANDARD = "gnu++20";
				CLANG_ENABLE_MODULES = YES;
				CLANG_ENABLE_OBJC_ARC = YES;
				CLANG_ENABLE_OBJC_WEAK = YES;
				CLANG_WARN_BLOCK_CAPTURE_AUTORELEASING = YES;
				CLANG_WARN_BOOL_CONVERSION = YES;
				CLANG_WARN_COMMA = YES;
				CLANG_WARN_CONSTANT_CONVERSION = YES;
				CLANG_WARN_DEPRECATED_OBJC_IMPLEMENTATIONS = YES;
				CLANG_WARN_DIRECT_OBJC_ISA_USAGE = YES_ERROR;
				CLANG_WARN_DOCUMENTATION_COMMENTS = YES;
				CLANG_WARN_EMPTY_BODY = YES;
				CLANG_WARN_ENUM_CONVERSION = YES;
				CLANG_WARN_INFINITE_RECURSION = YES;
				CLANG_WARN_INT_CONVERSION = YES;
				CLANG_WARN_NON_LITERAL_NULL_CONVERSION = YES;
				CLANG_WARN_OBJC_IMPLICIT_RETAIN_SELF = YES;
				CLANG_WARN_OBJC_LITERAL_CONVERSION = YES;
				CLANG_WARN_OBJC_ROOT_CLASS = YES_ERROR;
				CLANG_WARN_QUOTED_INCLUDE_IN_FRAMEWORK_HEADER = YES;
				CLANG_WARN_RANGE_LOOP_ANALYSIS = YES;
				CLANG_WARN_STRICT_PROTOTYPES = YES;
				CLANG_WARN_SUSPICIOUS_MOVE = YES;
				CLANG_WARN_UNGUARDED_AVAILABILITY = YES_AGGRESSIVE;
				CLANG_WARN_UNREACHABLE_CODE = YES;
				CLANG_WARN__DUPLICATE_METHOD_MATCH = YES;
				COPY_PHASE_STRIP = NO;
				DEBUG_INFORMATION_FORMAT = dwarf;
				DEVELOPMENT_TEAM = GCN6JSFACT;
				ENABLE_STRICT_OBJC_MSGSEND = YES;
				ENABLE_TESTABILITY = YES;
				ENABLE_USER_SCRIPT_SANDBOXING = YES;
				GCC_C_LANGUAGE_STANDARD = gnu17;
				GCC_DYNAMIC_NO_PIC = NO;
				GCC_NO_COMMON_BLOCKS = YES;
				GCC_OPTIMIZATION_LEVEL = 0;
				GCC_PREPROCESSOR_DEFINITIONS = (
					"DEBUG=1",
					"$(inherited)",
				);
				GCC_WARN_64_TO_32_BIT_CONVERSION = YES;
				GCC_WARN_ABOUT_RETURN_TYPE = YES_ERROR;
				GCC_WARN_UNDECLARED_SELECTOR = YES;
				GCC_WARN_UNINITIALIZED_AUTOS = YES_AGGRESSIVE;
				GCC_WARN_UNUSED_FUNCTION = YES;
				GCC_WARN_UNUSED_VARIABLE = YES;
				IPHONEOS_DEPLOYMENT_TARGET = 26.5;
				LOCALIZATION_PREFERS_STRING_CATALOGS = YES;
				MTL_ENABLE_DEBUG_INFO = INCLUDE_SOURCE;
				MTL_FAST_MATH = YES;
				ONLY_ACTIVE_ARCH = YES;
				SDKROOT = iphoneos;
				SWIFT_ACTIVE_COMPILATION_CONDITIONS = "DEBUG $(inherited)";
				SWIFT_OPTIMIZATION_LEVEL = "-Onone";
			};
			name = Debug;
		};
		ACB21B4E2FE8A60D00FDBA25 /* Release */ = {
			isa = XCBuildConfiguration;
			buildSettings = {
				ALWAYS_SEARCH_USER_PATHS = NO;
				ASSETCATALOG_COMPILER_GENERATE_SWIFT_ASSET_SYMBOL_EXTENSIONS = YES;
				CLANG_ANALYZER_NONNULL = YES;
				CLANG_ANALYZER_NUMBER_OBJECT_CONVERSION = YES_AGGRESSIVE;
				CLANG_CXX_LANGUAGE_STANDARD = "gnu++20";
				CLANG_ENABLE_MODULES = YES;
				CLANG_ENABLE_OBJC_ARC = YES;
				CLANG_ENABLE_OBJC_WEAK = YES;
				CLANG_WARN_BLOCK_CAPTURE_AUTORELEASING = YES;
				CLANG_WARN_BOOL_CONVERSION = YES;
				CLANG_WARN_COMMA = YES;
				CLANG_WARN_CONSTANT_CONVERSION = YES;
				CLANG_WARN_DEPRECATED_OBJC_IMPLEMENTATIONS = YES;
				CLANG_WARN_DIRECT_OBJC_ISA_USAGE = YES_ERROR;
				CLANG_WARN_DOCUMENTATION_COMMENTS = YES;
				CLANG_WARN_EMPTY_BODY = YES;
				CLANG_WARN_ENUM_CONVERSION = YES;
				CLANG_WARN_INFINITE_RECURSION = YES;
				CLANG_WARN_INT_CONVERSION = YES;
				CLANG_WARN_NON_LITERAL_NULL_CONVERSION = YES;
				CLANG_WARN_OBJC_IMPLICIT_RETAIN_SELF = YES;
				CLANG_WARN_OBJC_LITERAL_CONVERSION = YES;
				CLANG_WARN_OBJC_ROOT_CLASS = YES_ERROR;
				CLANG_WARN_QUOTED_INCLUDE_IN_FRAMEWORK_HEADER = YES;
				CLANG_WARN_RANGE_LOOP_ANALYSIS = YES;
				CLANG_WARN_STRICT_PROTOTYPES = YES;
				CLANG_WARN_SUSPICIOUS_MOVE = YES;
				CLANG_WARN_UNGUARDED_AVAILABILITY = YES_AGGRESSIVE;
				CLANG_WARN_UNREACHABLE_CODE = YES;
				CLANG_WARN__DUPLICATE_METHOD_MATCH = YES;
				COPY_PHASE_STRIP = NO;
				DEBUG_INFORMATION_FORMAT = "dwarf-with-dsym";
				DEVELOPMENT_TEAM = GCN6JSFACT;
				ENABLE_NS_ASSERTIONS = NO;
				ENABLE_STRICT_OBJC_MSGSEND = YES;
				ENABLE_USER_SCRIPT_SANDBOXING = YES;
				GCC_C_LANGUAGE_STANDARD = gnu17;
				GCC_NO_COMMON_BLOCKS = YES;
				GCC_WARN_64_TO_32_BIT_CONVERSION = YES;
				GCC_WARN_ABOUT_RETURN_TYPE = YES_ERROR;
				GCC_WARN_UNDECLARED_SELECTOR = YES;
				GCC_WARN_UNINITIALIZED_AUTOS = YES_AGGRESSIVE;
				GCC_WARN_UNUSED_FUNCTION = YES;
				GCC_WARN_UNUSED_VARIABLE = YES;
				IPHONEOS_DEPLOYMENT_TARGET = 26.5;
				LOCALIZATION_PREFERS_STRING_CATALOGS = YES;
				MTL_ENABLE_DEBUG_INFO = NO;
				MTL_FAST_MATH = YES;
				SDKROOT = iphoneos;
				SWIFT_COMPILATION_MODE = wholemodule;
				VALIDATE_PRODUCT = YES;
			};
			name = Release;
		};
		ACB21B502FE8A60D00FDBA25 /* Debug */ = {
			isa = XCBuildConfiguration;
			buildSettings = {
				ASSETCATALOG_COMPILER_APPICON_NAME = AppIcon;
				ASSETCATALOG_COMPILER_GLOBAL_ACCENT_COLOR_NAME = AccentColor;
				CODE_SIGN_STYLE = Automatic;
				CURRENT_PROJECT_VERSION = 1;
				DEVELOPMENT_TEAM = GCN6JSFACT;
				ENABLE_PREVIEWS = YES;
				GENERATE_INFOPLIST_FILE = YES;
				INFOPLIST_KEY_UIApplicationSceneManifest_Generation = YES;
				INFOPLIST_KEY_UIApplicationSupportsIndirectInputEvents = YES;
				INFOPLIST_KEY_UILaunchScreen_Generation = YES;
				INFOPLIST_KEY_UISupportedInterfaceOrientations_iPad = "UIInterfaceOrientationPortrait UIInterfaceOrientationPortraitUpsideDown UIInterfaceOrientationLandscapeLeft UIInterfaceOrientationLandscapeRight";
				INFOPLIST_KEY_UISupportedInterfaceOrientations_iPhone = "UIInterfaceOrientationPortrait UIInterfaceOrientationLandscapeLeft UIInterfaceOrientationLandscapeRight";
				LD_RUNPATH_SEARCH_PATHS = (
					"$(inherited)",
					"@executable_path/Frameworks",
				);
				MARKETING_VERSION = 1.0;
				PRODUCT_BUNDLE_IDENTIFIER = br.tec.wrcode.LoginPhoneApp;
				PRODUCT_NAME = "$(TARGET_NAME)";
				STRING_CATALOG_GENERATE_SYMBOLS = YES;
				SWIFT_APPROACHABLE_CONCURRENCY = YES;
				SWIFT_DEFAULT_ACTOR_ISOLATION = MainActor;
				SWIFT_EMIT_LOC_STRINGS = YES;
				SWIFT_UPCOMING_FEATURE_MEMBER_IMPORT_VISIBILITY = YES;
				SWIFT_VERSION = 5.0;
				TARGETED_DEVICE_FAMILY = "1,2";
			};
			name = Debug;
		};
		ACB21B512FE8A60D00FDBA25 /* Release */ = {
			isa = XCBuildConfiguration;
			buildSettings = {
				ASSETCATALOG_COMPILER_APPICON_NAME = AppIcon;
				ASSETCATALOG_COMPILER_GLOBAL_ACCENT_COLOR_NAME = AccentColor;
				CODE_SIGN_STYLE = Automatic;
				CURRENT_PROJECT_VERSION = 1;
				DEVELOPMENT_TEAM = GCN6JSFACT;
				ENABLE_PREVIEWS = YES;
				GENERATE_INFOPLIST_FILE = YES;
				INFOPLIST_KEY_UIApplicationSceneManifest_Generation = YES;
				INFOPLIST_KEY_UIApplicationSupportsIndirectInputEvents = YES;
				INFOPLIST_KEY_UILaunchScreen_Generation = YES;
				INFOPLIST_KEY_UISupportedInterfaceOrientations_iPad = "UIInterfaceOrientationPortrait UIInterfaceOrientationPortraitUpsideDown UIInterfaceOrientationLandscapeLeft UIInterfaceOrientationLandscapeRight";
				INFOPLIST_KEY_UISupportedInterfaceOrientations_iPhone = "UIInterfaceOrientationPortrait UIInterfaceOrientationLandscapeLeft UIInterfaceOrientationLandscapeRight";
				LD_RUNPATH_SEARCH_PATHS = (
					"$(inherited)",
					"@executable_path/Frameworks",
				);
				MARKETING_VERSION = 1.0;
				PRODUCT_BUNDLE_IDENTIFIER = br.tec.wrcode.LoginPhoneApp;
				PRODUCT_NAME = "$(TARGET_NAME)";
				STRING_CATALOG_GENERATE_SYMBOLS = YES;
				SWIFT_APPROACHABLE_CONCURRENCY = YES;
				SWIFT_DEFAULT_ACTOR_ISOLATION = MainActor;
				SWIFT_EMIT_LOC_STRINGS = YES;
				SWIFT_UPCOMING_FEATURE_MEMBER_IMPORT_VISIBILITY = YES;
				SWIFT_VERSION = 5.0;
				TARGETED_DEVICE_FAMILY = "1,2";
			};
			name = Release;
		};
		ACB21B532FE8A60D00FDBA25 /* Debug */ = {
			isa = XCBuildConfiguration;
			buildSettings = {
				BUNDLE_LOADER = "$(TEST_HOST)";
				CODE_SIGN_STYLE = Automatic;
				CURRENT_PROJECT_VERSION = 1;
				DEVELOPMENT_TEAM = GCN6JSFACT;
				GENERATE_INFOPLIST_FILE = YES;
				IPHONEOS_DEPLOYMENT_TARGET = 26.5;
				MARKETING_VERSION = 1.0;
				PRODUCT_BUNDLE_IDENTIFIER = br.tec.wrcode.LoginPhoneAppTests;
				PRODUCT_NAME = "$(TARGET_NAME)";
				STRING_CATALOG_GENERATE_SYMBOLS = NO;
				SWIFT_APPROACHABLE_CONCURRENCY = YES;
				SWIFT_EMIT_LOC_STRINGS = NO;
				SWIFT_UPCOMING_FEATURE_MEMBER_IMPORT_VISIBILITY = YES;
				SWIFT_VERSION = 5.0;
				TARGETED_DEVICE_FAMILY = "1,2";
				TEST_HOST = "$(BUILT_PRODUCTS_DIR)/LoginPhoneApp.app/$(BUNDLE_EXECUTABLE_FOLDER_PATH)/LoginPhoneApp";
			};
			name = Debug;
		};
		ACB21B542FE8A60D00FDBA25 /* Release */ = {
			isa = XCBuildConfiguration;
			buildSettings = {
				BUNDLE_LOADER = "$(TEST_HOST)";
				CODE_SIGN_STYLE = Automatic;
				CURRENT_PROJECT_VERSION = 1;
				DEVELOPMENT_TEAM = GCN6JSFACT;
				GENERATE_INFOPLIST_FILE = YES;
				IPHONEOS_DEPLOYMENT_TARGET = 26.5;
				MARKETING_VERSION = 1.0;
				PRODUCT_BUNDLE_IDENTIFIER = br.tec.wrcode.LoginPhoneAppTests;
				PRODUCT_NAME = "$(TARGET_NAME)";
				STRING_CATALOG_GENERATE_SYMBOLS = NO;
				SWIFT_APPROACHABLE_CONCURRENCY = YES;
				SWIFT_EMIT_LOC_STRINGS = NO;
				SWIFT_UPCOMING_FEATURE_MEMBER_IMPORT_VISIBILITY = YES;
				SWIFT_VERSION = 5.0;
				TARGETED_DEVICE_FAMILY = "1,2";
				TEST_HOST = "$(BUILT_PRODUCTS_DIR)/LoginPhoneApp.app/$(BUNDLE_EXECUTABLE_FOLDER_PATH)/LoginPhoneApp";
			};
			name = Release;
		};
		ACB21B562FE8A60D00FDBA25 /* Debug */ = {
			isa = XCBuildConfiguration;
			buildSettings = {
				CODE_SIGN_STYLE = Automatic;
				CURRENT_PROJECT_VERSION = 1;
				DEVELOPMENT_TEAM = GCN6JSFACT;
				GENERATE_INFOPLIST_FILE = YES;
				MARKETING_VERSION = 1.0;
				PRODUCT_BUNDLE_IDENTIFIER = br.tec.wrcode.LoginPhoneAppUITests;
				PRODUCT_NAME = "$(TARGET_NAME)";
				STRING_CATALOG_GENERATE_SYMBOLS = NO;
				SWIFT_APPROACHABLE_CONCURRENCY = YES;
				SWIFT_EMIT_LOC_STRINGS = NO;
				SWIFT_UPCOMING_FEATURE_MEMBER_IMPORT_VISIBILITY = YES;
				SWIFT_VERSION = 5.0;
				TARGETED_DEVICE_FAMILY = "1,2";
				TEST_TARGET_NAME = LoginPhoneApp;
			};
			name = Debug;
		};
		ACB21B572FE8A60D00FDBA25 /* Release */ = {
			isa = XCBuildConfiguration;
			buildSettings = {
				CODE_SIGN_STYLE = Automatic;
				CURRENT_PROJECT_VERSION = 1;
				DEVELOPMENT_TEAM = GCN6JSFACT;
				GENERATE_INFOPLIST_FILE = YES;
				MARKETING_VERSION = 1.0;
				PRODUCT_BUNDLE_IDENTIFIER = br.tec.wrcode.LoginPhoneAppUITests;
				PRODUCT_NAME = "$(TARGET_NAME)";
				STRING_CATALOG_GENERATE_SYMBOLS = NO;
				SWIFT_APPROACHABLE_CONCURRENCY = YES;
				SWIFT_EMIT_LOC_STRINGS = NO;
				SWIFT_UPCOMING_FEATURE_MEMBER_IMPORT_VISIBILITY = YES;
				SWIFT_VERSION = 5.0;
				TARGETED_DEVICE_FAMILY = "1,2";
				TEST_TARGET_NAME = LoginPhoneApp;
			};
			name = Release;
		};
/* End XCBuildConfiguration section */

/* Begin XCConfigurationList section */
		ACB21B242FE8A60B00FDBA25 /* Build configuration list for PBXProject "LoginPhoneApp" */ = {
			isa = XCConfigurationList;
			buildConfigurations = (
				ACB21B4D2FE8A60D00FDBA25 /* Debug */,
				ACB21B4E2FE8A60D00FDBA25 /* Release */,
			);
			defaultConfigurationIsVisible = 0;
			defaultConfigurationName = Release;
		};
		ACB21B4F2FE8A60D00FDBA25 /* Build configuration list for PBXNativeTarget "LoginPhoneApp" */ = {
			isa = XCConfigurationList;
			buildConfigurations = (
				ACB21B502FE8A60D00FDBA25 /* Debug */,
				ACB21B512FE8A60D00FDBA25 /* Release */,
			);
			defaultConfigurationIsVisible = 0;
			defaultConfigurationName = Release;
		};
		ACB21B522FE8A60D00FDBA25 /* Build configuration list for PBXNativeTarget "LoginPhoneAppTests" */ = {
			isa = XCConfigurationList;
			buildConfigurations = (
				ACB21B532FE8A60D00FDBA25 /* Debug */,
				ACB21B542FE8A60D00FDBA25 /* Release */,
			);
			defaultConfigurationIsVisible = 0;
			defaultConfigurationName = Release;
		};
		ACB21B552FE8A60D00FDBA25 /* Build configuration list for PBXNativeTarget "LoginPhoneAppUITests" */ = {
			isa = XCConfigurationList;
			buildConfigurations = (
				ACB21B562FE8A60D00FDBA25 /* Debug */,
				ACB21B572FE8A60D00FDBA25 /* Release */,
			);
			defaultConfigurationIsVisible = 0;
			defaultConfigurationName = Release;
		};
/* End XCConfigurationList section */
	};
	rootObject = ACB21B212FE8A60B00FDBA25 /* Project object */;
}
